<?xml version="1.0" encoding="utf-8"?>
<Project ToolsVersion="4.0" xmlns="http://schemas.microsoft.com/developer/msbuild/2003">
  <ItemGroup>
    <Filter Include="Source Files">
      <UniqueIdentifier>{4FC737F1-C7A5-4376-A066-2A32D752A2FF}</UniqueIdentifier>
      <Extensions>cpp;c;cc;cxx;c++;cppm;ixx;def;odl;idl;hpj;bat;asm;asmx</Extensions>
    </Filter>
    <Filter Include="Header Files">
      <UniqueIdentifier>{93995380-89BD-4b04-88EB-625FBE52EBFB}</UniqueIdentifier>
      <Extensions>h;hh;hpp;hxx;h++;hm;inl;inc;ipp;xsd</Extensions>
    </Filter>
    <Filter Include="Resource Files">
      <UniqueIdentifier>{67DA6AB6-F800-4c08-8B7A-83BB121AAD01}</UniqueIdentifier>
      <Extensions>rc;ico;cur;bmp;dlg;rc2;rct;bin;rgs;gif;jpg;jpeg;jpe;resx;tiff;tif;png;wav;mfcribbon-ms</Extensions>
    </Filter>
    <Filter Include="Header Files\syntax">
      <UniqueIdentifier>{7fd142ef-3a07-4bd8-9ec2-9355432802d6}</UniqueIdentifier>
    </Filter>
    <Filter Include="Header Files\lex">
      <UniqueIdentifier>{4ad2334d-28de-4ad5-9edd-892c38d43771}</UniqueIdentifier>
    </Filter>
    <Filter Include="Source Files\lex">
      <UniqueIdentifier>{b312ce32-7c8d-4beb-9127-cfa65881e2f7}</UniqueIdentifier>
    </Filter>
    <Filter Include="Source Files\syntax">
      <UniqueIdentifier>{4a6fd44b-b998-483d-8dfb-8f708d9b279f}</UniqueIdentifier>
    </Filter>
    <Filter Include="Header Files\error">
      <UniqueIdentifier>{36703789-dd29-4b4b-b31d-b3d87f64293a}</UniqueIdentifier>
    </Filter>
  </ItemGroup>
  <ItemGroup>
    <ClCompile Include="include\syntax\expression.ixx">
      <Filter>Header Files\syntax</Filter>
    </ClCompile>
    <ClCompile Include="src\main.cpp">
      <Filter>Source Files</Filter>
    </ClCompile>
    <ClCompile Include="include\syntax\syntax.ixx">
      <Filter>Header Files\syntax</Filter>
    </ClCompile>
    <ClCompile Include="include\syntax\format.ixx">
      <Filter>Header Files\syntax</Filter>
    </ClCompile>
    <ClCompile Include="include\syntax\statement.ixx">
      <Filter>Header Files\syntax</Filter>
    </ClCompile>
    <ClCompile Include="include\syntax\parse.ixx">
      <Filter>Header Files\syntax</Filter>
    </ClCompile>
    <ClCompile Include="src\lex\lex_analise.cpp">
      <Filter>Source Files\lex</Filter>
    </ClCompile>
    <ClCompile Include="src\lex\NextElement.cpp">
      <Filter>Source Files\lex</Filter>
    </ClCompile>
    <ClCompile Include="src\syntax\predicates.cpp">
      <Filter>Source Files\syntax</Filter>
    </ClCompile>
    <ClCompile Include="src\syntax\structure.cpp">
      <Filter>Source Files\syntax</Filter>
    </ClCompile>
    <ClCompile Include="src\syntax\types.cpp">
      <Filter>Source Files\syntax</Filter>
    </ClCompile>
    <ClCompile Include="error.ixx">
      <Filter>Header Files\error</Filter>
    </ClCompile>
    <ClCompile Include="analise.ixx">
      <Filter>Header Files\lex</Filter>
    </ClCompile>
    <ClCompile Include="lex.ixx">
      <Filter>Header Files\lex</Filter>
    </ClCompile>
  </ItemGroup>
  <ItemGroup>
    <ClInclude Include="include\syntax\types.h">
      <Filter>Header Files\syntax</Filter>
    </ClInclude>
    <ClInclude Include="include\syntax\Node.h">
      <Filter>Header Files\syntax</Filter>
    </ClInclude>
    <ClInclude Include="include\syntax\predicates.h">
      <Filter>Header Files\syntax</Filter>
    </ClInclude>
    <ClInclude Include="include\syntax\structure.h">
      <Filter>Header Files\syntax</Filter>
    </ClInclude>
    <ClInclude Include="include\syntax\syntax_base.h">
      <Filter>Header Files\syntax</Filter>
    </ClInclude>
    <ClInclude Include="include\lex\NextElement.h">
      <Filter>Header Files\lex</Filter>
    </ClInclude>
  </ItemGroup>
</Project>